github.com/BurntSushi/toml v0.3.1 h1:WXkYYl6Yr3qBf1K79EBnL4mak0OimBfB0XUf9Vl28OQ=
github.com/BurntSushi/toml v0.3.1/go.mod h1:xHWCNGjB5oqiDr8zfno3MHue2Ht5sIBksp03qcyfWMU=
github.com/corticph/corti-core-api v1.3.0 h1:UlyYEqNzXFxOhwz0z1W6HMRYi30cKKqUhRrOI+JkTNg=
github.com/davecgh/go-spew v1.1.1 h1:vj9j/u1bqnvCEfJOwUhtlOARqs3+rkHYY13jYWTU97c=
github.com/davecgh/go-spew v1.1.1/go.mod h1:J7Y8YcW2NihsgmVo/mv3lAwl/skON4iLHjSsI+c5H38=
github.com/derekparker/trie v0.0.0-20180212171413-e608c2733dc7 h1:Cab9yoTQh1TxObKfis1DzZ6vFLK5kbeenMjRES/UE3o=
github.com/derekparker/trie v0.0.0-20180212171413-e608c2733dc7/go.mod h1:D6ICZm05D9VN1n/8iOtBxLpXtoGp6HDFUJ1RNVieOSE=
github.com/dghubble/trie v0.0.0-20190305093130-56ce8b33a915 h1:4IEw464tbAJMwNs7oTGnv9qeg9V2pFcfWUUkyYBa+mc=
github.com/dghubble/trie v0.0.0-20190305093130-56ce8b33a915/go.mod h1:P5ymVhkUtwRIkYn2IuBeuVezlrsshMKWQJymph3GOp8=
github.com/fvbock/trie v0.0.0-20140409041417-1d40233c66bd h1:XnGKLzvpSsN8Y3TJeezGH220/SbybhezoHwGtMkebKQ=
github.com/fvbock/trie v0.0.0-20140409041417-1d40233c66bd/go.mod h1:vy4w5UkO+5iVasHRE6T3lQvu5gqnszyEej6hx3dsNGE=
github.com/fvbock/uds-go v0.0.0-20150825055119-e378dd1356b9 h1:PI8D0UwtC04m+FUaqB8RPOeuicjr896/afA5jlvpojA=
github.com/fvbock/uds-go v0.0.0-20150825055119-e378dd1356b9/go.mod h1:J+KQJ2ZNVvd2gibb4nuUJbXVCSdKCFGn0ch/FI9xPlw=
github.com/glaslos/trie v0.0.0-20190501055606-5023a749603f h1:1btkc4YwPsFeSGNsBLPkHigD+A4aFZusEtdRpDoWiwA=
github.com/glaslos/trie v0.0.0-20190501055606-5023a749603f/go.mod h1:4iSrOq27By1AelYZoGItZhOHCES1ar9fe5aegY/Yo2Q=
github.com/google/go-cmp v0.2.0 h1:+dTQ8DZQJz0Mb/HjFlkptS1FeQ4cWSnN941F8aEG4SQ=
github.com/google/go-cmp v0.2.0/go.mod h1:oXzfMopK8JAjlY9xF4vHSVASa0yLyX7SntLO5aqRK0M=
github.com/importcjj/trie-go v0.0.0-20160919093426-b824e112ac91 h1:U3iWJy2U/UJg0L3ceZqcopFoqQzUnTlfUvtPD7a85q0=
github.com/importcjj/trie-go v0.0.0-20160919093426-b824e112ac91/go.mod h1:+kbMP4Qz30rNMD9ihE6wruOpRvO2Vt1735w7UMRn0AE=
github.com/miekg/dns v1.1.6 h1:jVwb4GDwD65q/gtItR/lIZHjNH93QfeGxZUkzJcW9mc=
github.com/miekg/dns v1.1.6/go.mod h1:W1PPwlIAgtquWBMBEV9nkV9Cazfe8ScdGz/Lj7v3Nrg=
github.com/pkg/errors v0.8.1 h1:iURUrRGxPUNPdy5/HRSm+Yj6okJ6UtLINN0Q9M4+h3I=
github.com/pkg/errors v0.8.1/go.mod h1:bwawxfHBFNV+L2hUp1rHADufV3IMtnDRdf1r5NINEl0=
github.com/rs/zerolog v1.13.0 h1:hSNcYHyxDWycfePW7pUI8swuFkcSMPKh3E63Pokg1Hk=
github.com/rs/zerolog v1.13.0/go.mod h1:YbFCdg8HfsridGWAh22vktObvhZbQsZXe4/zB0OKkWU=
golang.org/x/crypto v0.0.0-20190308221718-c2843e01d9a2 h1:VklqNMn3ovrHsnt90PveolxSbWFaJdECFbxSq0Mqo2M=
golang.org/x/crypto v0.0.0-20190308221718-c2843e01d9a2/go.mod h1:djNgcEr1/C05ACkg1iLfiJU5Ep61QUkGW8qpdssI0+w=
golang.org/x/net v0.0.0-20190311183353-d8887717615a h1:oWX7TPOiFAMXLq8o0ikBYfCJVlRHBcsciT5bXOrH628=
golang.org/x/net v0.0.0-20190311183353-d8887717615a/go.mod h1:t9HGtf8HONx5eT2rtn7q6eTqICYqUVnKs3thJo3Qplg=
golang.org/x/sync v0.0.0-20190227155943-e225da77a7e6 h1:bjcUS9ztw9kFmmIxJInhon/0Is3p+EHBKNgquIzo1OI=
golang.org/x/sync v0.0.0-20190227155943-e225da77a7e6/go.mod h1:RxMgew5VJxzue5/jJTE5uejpjVlOe/izrB70Jof72aM=
golang.org/x/sys v0.0.0-20190215142949-d0b11bdaac8a/go.mod h1:STP8DvDyc/dI5b8T5hshtkjS+E42TnysNCUPdjciGhY=
golang.org/x/sys v0.0.0-20190311152110-c8c8c57fd1e1 h1:FQNj2xvjQ1lgFyzbSybGZr792Y8Dy95D7uuqnZAzNaA=
golang.org/x/sys v0.0.0-20190311152110-c8c8c57fd1e1/go.mod h1:h1NjWce9XRLGQEsW7wpKNCjG9DtNlClVuFLEZdDNbEs=
golang.org/x/text v0.3.0/go.mod h1:NqM8EUOU14njkJ3fqMW+pc6Ldnwhi/IjpwHt7yyuwOQ=
gopkg.in/check.v1 v0.0.0-20161208181325-20d25e280405 h1:yhCVgyC4o1eVCa2tZl7eS0r+SDo693bJlVdllGtEeKM=
gopkg.in/check.v1 v0.0.0-20161208181325-20d25e280405/go.mod h1:Co6ibVJAznAaIkqp8huTwlJQCZ016jof/cbN4VW5Yz0=
gopkg.in/natefinch/lumberjack.v2 v2.0.0 h1:1Lc07Kr7qY4U2YPouBjpCLxpiyxIVoxqXgkXLknAOE8=
gopkg.in/natefinch/lumberjack.v2 v2.0.0/go.mod h1:l0ndWWf7gzL7RNwBG7wST/UCcT4T24xpD6X8LsfU/+k=
gopkg.in/yaml.v2 v2.2.2 h1:ZCJp+EgiOT7lHqUV2J862kp8Qj64Jo6az82+3Td9dZw=
gopkg.in/yaml.v2 v2.2.2/go.mod h1:hI93XBmqTisBFMUTm0b8Fm+jr3Dg1NNxqwp+5A1VGuI=
gotest.tools v2.2.0+incompatible h1:VsBPFP1AI068pPrMxtb/S8Zkgf9xEmTLJjfM+P5UIEo=
gotest.tools v2.2.0+incompatible/go.mod h1:DsYFclhRJ6vuDpmuTbkuFWG+y2sxOXAzmJt81HFBacw=
